// !$*UTF8*$!
{
	archiveVersion = 1;
	classes = {
	};
	objectVersion = 46;
	objects = {

/* Begin PBXBuildFile section */
		4403725116F6C04600E055DA /* UIKit.framework in Frameworks */ = {isa = PBXBuildFile; fileRef = 4403725016F6C04600E055DA /* UIKit.framework */; };
		4403725316F6C04600E055DA /* Foundation.framework in Frameworks */ = {isa = PBXBuildFile; fileRef = 4403725216F6C04600E055DA /* Foundation.framework */; };
		4403725516F6C04600E055DA /* CoreGraphics.framework in Frameworks */ = {isa = PBXBuildFile; fileRef = 4403725416F6C04600E055DA /* CoreGraphics.framework */; };
		4403725B16F6C04700E055DA /* InfoPlist.strings in Resources */ = {isa = PBXBuildFile; fileRef = 4403725916F6C04700E055DA /* InfoPlist.strings */; };
		4403725D16F6C04700E055DA /* main.m in Sources */ = {isa = PBXBuildFile; fileRef = 4403725C16F6C04700E055DA /* main.m */; };
		4403726116F6C04700E055DA /* AppDelegate.m in Sources */ = {isa = PBXBuildFile; fileRef = 4403726016F6C04700E055DA /* AppDelegate.m */; };
		4403726316F6C04700E055DA /* Default.png in Resources */ = {isa = PBXBuildFile; fileRef = 4403726216F6C04700E055DA /* Default.png */; };
		4403726516F6C04700E055DA /* Default@2x.png in Resources */ = {isa = PBXBuildFile; fileRef = 4403726416F6C04700E055DA /* Default@2x.png */; };
		4403726716F6C04700E055DA /* Default-568h@2x.png in Resources */ = {isa = PBXBuildFile; fileRef = 4403726616F6C04700E055DA /* Default-568h@2x.png */; };
		4403727416F6C28400E055DA /* SidebarViewController.m in Sources */ = {isa = PBXBuildFile; fileRef = 4403727216F6C28400E055DA /* SidebarViewController.m */; };
		4403727516F6C28400E055DA /* SidebarViewController.xib in Resources */ = {isa = PBXBuildFile; fileRef = 4403727316F6C28400E055DA /* SidebarViewController.xib */; };
		4403727C16F6C3D300E055DA /* LeftSideBarViewController.m in Sources */ = {isa = PBXBuildFile; fileRef = 4403727A16F6C3D300E055DA /* LeftSideBarViewController.m */; };
		4403727D16F6C3D300E055DA /* LeftSideBarViewController.xib in Resources */ = {isa = PBXBuildFile; fileRef = 4403727B16F6C3D300E055DA /* LeftSideBarViewController.xib */; };
		4403728116F6C3EE00E055DA /* RightSideBarViewController.m in Sources */ = {isa = PBXBuildFile; fileRef = 4403727F16F6C3EE00E055DA /* RightSideBarViewController.m */; };
		4403728216F6C3EE00E055DA /* RightSideBarViewController.xib in Resources */ = {isa = PBXBuildFile; fileRef = 4403728016F6C3EE00E055DA /* RightSideBarViewController.xib */; };
		4403728616F6C48A00E055DA /* FatherViewController.m in Sources */ = {isa = PBXBuildFile; fileRef = 4403728416F6C48A00E055DA /* FatherViewController.m */; };
		4403728716F6C48A00E055DA /* FatherViewController.xib in Resources */ = {isa = PBXBuildFile; fileRef = 4403728516F6C48A00E055DA /* FatherViewController.xib */; };
/* End PBXBuildFile section */

/* Begin PBXFileReference section */
		4403724C16F6C04600E055DA /* T2f.app */ = {isa = PBXFileReference; explicitFileType = wrapper.application; includeInIndex = 0; path = T2f.app; sourceTree = BUILT_PRODUCTS_DIR; };
		4403725016F6C04600E055DA /* UIKit.framework */ = {isa = PBXFileReference; lastKnownFileType = wrapper.framework; name = UIKit.framework; path = System/Library/Frameworks/UIKit.framework; sourceTree = SDKROOT; };
		4403725216F6C04600E055DA /* Foundation.framework */ = {isa = PBXFileReference; lastKnownFileType = wrapper.framework; name = Foundation.framework; path = System/Library/Frameworks/Foundation.framework; sourceTree = SDKROOT; };
		4403725416F6C04600E055DA /* CoreGraphics.framework */ = {isa = PBXFileReference; lastKnownFileType = wrapper.framework; name = CoreGraphics.framework; path = System/Library/Frameworks/CoreGraphics.framework; sourceTree = SDKROOT; };
		4403725816F6C04700E055DA /* T2f-Info.plist */ = {isa = PBXFileReference; lastKnownFileType = text.plist.xml; path = "T2f-Info.plist"; sourceTree = "<group>"; };
		4403725A16F6C04700E055DA /* en */ = {isa = PBXFileReference; lastKnownFileType = text.plist.strings; name = en; path = en.lproj/InfoPlist.strings; sourceTree = "<group>"; };
		4403725C16F6C04700E055DA /* main.m */ = {isa = PBXFileReference; lastKnownFileType = sourcecode.c.objc; path = main.m; sourceTree = "<group>"; };
		4403725E16F6C04700E055DA /* T2f-Prefix.pch */ = {isa = PBXFileReference; lastKnownFileType = sourcecode.c.h; path = "T2f-Prefix.pch"; sourceTree = "<group>"; };
		4403725F16F6C04700E055DA /* AppDelegate.h */ = {isa = PBXFileReference; lastKnownFileType = sourcecode.c.h; path = AppDelegate.h; sourceTree = "<group>"; };
		4403726016F6C04700E055DA /* AppDelegate.m */ = {isa = PBXFileReference; lastKnownFileType = sourcecode.c.objc; path = AppDelegate.m; sourceTree = "<group>"; };
		4403726216F6C04700E055DA /* Default.png */ = {isa = PBXFileReference; lastKnownFileType = image.png; path = Default.png; sourceTree = "<group>"; };
		4403726416F6C04700E055DA /* Default@2x.png */ = {isa = PBXFileReference; lastKnownFileType = image.png; path = "Default@2x.png"; sourceTree = "<group>"; };
		4403726616F6C04700E055DA /* Default-568h@2x.png */ = {isa = PBXFileReference; lastKnownFileType = image.png; path = "Default-568h@2x.png"; sourceTree = "<group>"; };
		4403727116F6C28400E055DA /* SidebarViewController.h */ = {isa = PBXFileReference; fileEncoding = 4; lastKnownFileType = sourcecode.c.h; path = SidebarViewController.h; sourceTree = "<group>"; };
		4403727216F6C28400E055DA /* SidebarViewController.m */ = {isa = PBXFileReference; fileEncoding = 4; lastKnownFileType = sourcecode.c.objc; path = SidebarViewController.m; sourceTree = "<group>"; };
		4403727316F6C28400E055DA /* SidebarViewController.xib */ = {isa = PBXFileReference; fileEncoding = 4; lastKnownFileType = file.xib; path = SidebarViewController.xib; sourceTree = "<group>"; };
		4403727616F6C34C00E055DA /* SideBarSelectedDelegate.h */ = {isa = PBXFileReference; fileEncoding = 4; lastKnownFileType = sourcecode.c.h; path = SideBarSelectedDelegate.h; sourceTree = "<group>"; };
		4403727916F6C3D300E055DA /* LeftSideBarViewController.h */ = {isa = PBXFileReference; fileEncoding = 4; lastKnownFileType = sourcecode.c.h; path = LeftSideBarViewController.h; sourceTree = "<group>"; };
		4403727A16F6C3D300E055DA /* LeftSideBarViewController.m */ = {isa = PBXFileReference; fileEncoding = 4; lastKnownFileType = sourcecode.c.objc; path = LeftSideBarViewController.m; sourceTree = "<group>"; };
		4403727B16F6C3D300E055DA /* LeftSideBarViewController.xib */ = {isa = PBXFileReference; fileEncoding = 4; lastKnownFileType = file.xib; path = LeftSideBarViewController.xib; sourceTree = "<group>"; };
		4403727E16F6C3EE00E055DA /* RightSideBarViewController.h */ = {isa = PBXFileReference; fileEncoding = 4; lastKnownFileType = sourcecode.c.h; path = RightSideBarViewController.h; sourceTree = "<group>"; };
		4403727F16F6C3EE00E055DA /* RightSideBarViewController.m */ = {isa = PBXFileReference; fileEncoding = 4; lastKnownFileType = sourcecode.c.objc; path = RightSideBarViewController.m; sourceTree = "<group>"; };
		4403728016F6C3EE00E055DA /* RightSideBarViewController.xib */ = {isa = PBXFileReference; fileEncoding = 4; lastKnownFileType = file.xib; path = RightSideBarViewController.xib; sourceTree = "<group>"; };
		4403728316F6C48A00E055DA /* FatherViewController.h */ = {isa = PBXFileReference; fileEncoding = 4; lastKnownFileType = sourcecode.c.h; path = FatherViewController.h; sourceTree = "<group>"; };
		4403728416F6C48A00E055DA /* FatherViewController.m */ = {isa = PBXFileReference; fileEncoding = 4; lastKnownFileType = sourcecode.c.objc; path = FatherViewController.m; sourceTree = "<group>"; };
		4403728516F6C48A00E055DA /* FatherViewController.xib */ = {isa = PBXFileReference; fileEncoding = 4; lastKnownFileType = file.xib; path = FatherViewController.xib; sourceTree = "<group>"; };
/* End PBXFileReference section */

/* Begin PBXFrameworksBuildPhase section */
		4403724916F6C04600E055DA /* Frameworks */ = {
			isa = PBXFrameworksBuildPhase;
			buildActionMask = 2147483647;
			files = (
				4403725116F6C04600E055DA /* UIKit.framework in Frameworks */,
				4403725316F6C04600E055DA /* Foundation.framework in Frameworks */,
				4403725516F6C04600E055DA /* CoreGraphics.framework in Frameworks */,
			);
			runOnlyForDeploymentPostprocessing = 0;
		};
/* End PBXFrameworksBuildPhase section */

/* Begin PBXGroup section */
		4403724116F6C04600E055DA = {
			isa = PBXGroup;
			children = (
				4403725616F6C04600E055DA /* T2f */,
				4403724F16F6C04600E055DA /* Frameworks */,
				4403724D16F6C04600E055DA /* Products */,
			);
			sourceTree = "<group>";
		};
		4403724D16F6C04600E055DA /* Products */ = {
			isa = PBXGroup;
			children = (
				4403724C16F6C04600E055DA /* T2f.app */,
			);
			name = Products;
			sourceTree = "<group>";
		};
		4403724F16F6C04600E055DA /* Frameworks */ = {
			isa = PBXGroup;
			children = (
				4403725016F6C04600E055DA /* UIKit.framework */,
				4403725216F6C04600E055DA /* Foundation.framework */,
				4403725416F6C04600E055DA /* CoreGraphics.framework */,
			);
			name = Frameworks;
			sourceTree = "<group>";
		};
		4403725616F6C04600E055DA /* T2f */ = {
			isa = PBXGroup;
			children = (
				4403728816F6C52D00E055DA /* SideBar */,
				4403725F16F6C04700E055DA /* AppDelegate.h */,
				4403726016F6C04700E055DA /* AppDelegate.m */,
				4403727916F6C3D300E055DA /* LeftSideBarViewController.h */,
				4403727A16F6C3D300E055DA /* LeftSideBarViewController.m */,
				4403727B16F6C3D300E055DA /* LeftSideBarViewController.xib */,
				4403727E16F6C3EE00E055DA /* RightSideBarViewController.h */,
				4403727F16F6C3EE00E055DA /* RightSideBarViewController.m */,
				4403728016F6C3EE00E055DA /* RightSideBarViewController.xib */,
				4403728316F6C48A00E055DA /* FatherViewController.h */,
				4403728416F6C48A00E055DA /* FatherViewController.m */,
				4403728516F6C48A00E055DA /* FatherViewController.xib */,
				4403725716F6C04700E055DA /* Supporting Files */,
			);
			path = T2f;
			sourceTree = "<group>";
		};
		4403725716F6C04700E055DA /* Supporting Files */ = {
			isa = PBXGroup;
			children = (
				4403725816F6C04700E055DA /* T2f-Info.plist */,
				4403725916F6C04700E055DA /* InfoPlist.strings */,
				4403725C16F6C04700E055DA /* main.m */,
				4403725E16F6C04700E055DA /* T2f-Prefix.pch */,
				4403726216F6C04700E055DA /* Default.png */,
				4403726416F6C04700E055DA /* Default@2x.png */,
				4403726616F6C04700E055DA /* Default-568h@2x.png */,
			);
			name = "Supporting Files";
			sourceTree = "<group>";
		};
		4403728816F6C52D00E055DA /* SideBar */ = {
			isa = PBXGroup;
			children = (
				4403727116F6C28400E055DA /* SidebarViewController.h */,
				4403727216F6C28400E055DA /* SidebarViewController.m */,
				4403727316F6C28400E055DA /* SidebarViewController.xib */,
				4403727616F6C34C00E055DA /* SideBarSelectedDelegate.h */,
			);
			name = SideBar;
			sourceTree = "<group>";
		};
/* End PBXGroup section */

/* Begin PBXNativeTarget section */
		4403724B16F6C04600E055DA /* T2f */ = {
			isa = PBXNativeTarget;
			buildConfigurationList = 4403726A16F6C04700E055DA /* Build configuration list for PBXNativeTarget "T2f" */;
			buildPhases = (
				4403724816F6C04600E055DA /* Sources */,
				4403724916F6C04600E055DA /* Frameworks */,
				4403724A16F6C04600E055DA /* Resources */,
			);
			buildRules = (
			);
			dependencies = (
			);
			name = T2f;
			productName = T2f;
			productReference = 4403724C16F6C04600E055DA /* T2f.app */;
			productType = "com.apple.product-type.application";
		};
/* End PBXNativeTarget section */

/* Begin PBXProject section */
		4403724316F6C04600E055DA /* Project object */ = {
			isa = PBXProject;
			attributes = {
				LastUpgradeCheck = 0450;
				ORGANIZATIONNAME = mary;
			};
			buildConfigurationList = 4403724616F6C04600E055DA /* Build configuration list for PBXProject "T2f" */;
			compatibilityVersion = "Xcode 3.2";
			developmentRegion = English;
			hasScannedForEncodings = 0;
			knownRegions = (
				en,
			);
			mainGroup = 4403724116F6C04600E055DA;
			productRefGroup = 4403724D16F6C04600E055DA /* Products */;
			projectDirPath = "";
			projectRoot = "";
			targets = (
				4403724B16F6C04600E055DA /* T2f */,
			);
		};
/* End PBXProject section */

/* Begin PBXResourcesBuildPhase section */
		4403724A16F6C04600E055DA /* Resources */ = {
			isa = PBXResourcesBuildPhase;
			buildActionMask = 2147483647;
			files = (
				4403725B16F6C04700E055DA /* InfoPlist.strings in Resources */,
				4403726316F6C04700E055DA /* Default.png in Resources */,
				4403726516F6C04700E055DA /* Default@2x.png in Resources */,
				4403726716F6C04700E055DA /* Default-568h@2x.png in Resources */,
				4403727516F6C28400E055DA /* SidebarViewController.xib in Resources */,
				4403727D16F6C3D300E055DA /* LeftSideBarViewController.xib in Resources */,
				4403728216F6C3EE00E055DA /* RightSideBarViewController.xib in Resources */,
				4403728716F6C48A00E055DA /* FatherViewController.xib in Resources */,
			);
			runOnlyForDeploymentPostprocessing = 0;
		};
/* End PBXResourcesBuildPhase section */

/* Begin PBXSourcesBuildPhase section */
		4403724816F6C04600E055DA /* Sources */ = {
			isa = PBXSourcesBuildPhase;
			buildActionMask = 2147483647;
			files = (
				4403725D16F6C04700E055DA /* main.m in Sources */,
				4403726116F6C04700E055DA /* AppDelegate.m in Sources */,
				4403727416F6C28400E055DA /* SidebarViewController.m in Sources */,
				4403727C16F6C3D300E055DA /* LeftSideBarViewController.m in Sources */,
				4403728116F6C3EE00E055DA /* RightSideBarViewController.m in Sources */,
				4403728616F6C48A00E055DA /* FatherViewController.m in Sources */,
			);
			runOnlyForDeploymentPostprocessing = 0;
		};
/* End PBXSourcesBuildPhase section */

/* Begin PBXVariantGroup section */
		4403725916F6C04700E055DA /* InfoPlist.strings */ = {
			isa = PBXVariantGroup;
			children = (
				4403725A16F6C04700E055DA /* en */,
			);
			name = InfoPlist.strings;
			sourceTree = "<group>";
		};
/* End PBXVariantGroup section */

/* Begin XCBuildConfiguration section */
		4403726816F6C04700E055DA /* Debug */ = {
			isa = XCBuildConfiguration;
			buildSettings = {
				ALWAYS_SEARCH_USER_PATHS = NO;
				CLANG_CXX_LANGUAGE_STANDARD = "gnu++0x";
				CLANG_CXX_LIBRARY = "libc++";
				CLANG_WARN_EMPTY_BODY = YES;
				CLANG_WARN__DUPLICATE_METHOD_MATCH = YES;
				"CODE_SIGN_IDENTITY[sdk=iphoneos*]" = "iPhone Developer";
				COPY_PHASE_STRIP = NO;
				GCC_C_LANGUAGE_STANDARD = gnu99;
				GCC_DYNAMIC_NO_PIC = NO;
				GCC_OPTIMIZATION_LEVEL = 0;
				GCC_PREPROCESSOR_DEFINITIONS = (
					"DEBUG=1",
					"$(inherited)",
				);
				GCC_SYMBOLS_PRIVATE_EXTERN = NO;
				GCC_WARN_ABOUT_RETURN_TYPE = YES;
				GCC_WARN_UNINITIALIZED_AUTOS = YES;
				GCC_WARN_UNUSED_VARIABLE = YES;
				IPHONEOS_DEPLOYMENT_TARGET = 6.0;
				SDKROOT = iphoneos;
			};
			name = Debug;
		};
		4403726916F6C04700E055DA /* Release */ = {
			isa = XCBuildConfiguration;
			buildSettings = {
				ALWAYS_SEARCH_USER_PATHS = NO;
				CLANG_CXX_LANGUAGE_STANDARD = "gnu++0x";
				CLANG_CXX_LIBRARY = "libc++";
				CLANG_WARN_EMPTY_BODY = YES;
				CLANG_WARN__DUPLICATE_METHOD_MATCH = YES;
				"CODE_SIGN_IDENTITY[sdk=iphoneos*]" = "iPhone Developer";
				COPY_PHASE_STRIP = YES;
				GCC_C_LANGUAGE_STANDARD = gnu99;
				GCC_WARN_ABOUT_RETURN_TYPE = YES;
				GCC_WARN_UNINITIALIZED_AUTOS = YES;
				GCC_WARN_UNUSED_VARIABLE = YES;
				IPHONEOS_DEPLOYMENT_TARGET = 6.0;
				OTHER_CFLAGS = "-DNS_BLOCK_ASSERTIONS=1";
				SDKROOT = iphoneos;
				VALIDATE_PRODUCT = YES;
			};
			name = Release;
		};
		4403726B16F6C04700E055DA /* Debug */ = {
			isa = XCBuildConfiguration;
			buildSettings = {
				GCC_PRECOMPILE_PREFIX_HEADER = YES;
				GCC_PREFIX_HEADER = "T2f/T2f-Prefix.pch";
				INFOPLIST_FILE = "T2f/T2f-Info.plist";
				PRODUCT_NAME = "$(TARGET_NAME)";
				WRAPPER_EXTENSION = app;
			};
			name = Debug;
		};
		4403726C16F6C04700E055DA /* Release */ = {
			isa = XCBuildConfiguration;
			buildSettings = {
				GCC_PRECOMPILE_PREFIX_HEADER = YES;
				GCC_PREFIX_HEADER = "T2f/T2f-Prefix.pch";
				INFOPLIST_FILE = "T2f/T2f-Info.plist";
				PRODUCT_NAME = "$(TARGET_NAME)";
				WRAPPER_EXTENSION = app;
			};
			name = Release;
		};
/* End XCBuildConfiguration section */

/* Begin XCConfigurationList section */
		4403724616F6C04600E055DA /* Build configuration list for PBXProject "T2f" */ = {
			isa = XCConfigurationList;
			buildConfigurations = (
				4403726816F6C04700E055DA /* Debug */,
				4403726916F6C04700E055DA /* Release */,
			);
			defaultConfigurationIsVisible = 0;
			defaultConfigurationName = Release;
		};
		4403726A16F6C04700E055DA /* Build configuration list for PBXNativeTarget "T2f" */ = {
			isa = XCConfigurationList;
			buildConfigurations = (
				4403726B16F6C04700E055DA /* Debug */,
				4403726C16F6C04700E055DA /* Release */,
			);
			defaultConfigurationIsVisible = 0;
		};
/* End XCConfigurationList section */
	};
	rootObject = 4403724316F6C04600E055DA /* Project object */;
}
